// !$*UTF8*$!
{
	archiveVersion = 1;
	classes = {
	};
	objectVersion = 55;
	objects = {

/* Begin PBXBuildFile section */
		A759909727F5F7610046E9A2 /* CardRepository.swift in Sources */ = {isa = PBXBuildFile; fileRef = A759909627F5F7610046E9A2 /* CardRepository.swift */; };
		A759909A27F5F91C0046E9A2 /* Cards.swift in Sources */ = {isa = PBXBuildFile; fileRef = A759909927F5F91B0046E9A2 /* Cards.swift */; };
		A759909E27F5FA7E0046E9A2 /* CardListViewModel.swift in Sources */ = {isa = PBXBuildFile; fileRef = A759909D27F5FA7E0046E9A2 /* CardListViewModel.swift */; };
		A75990A327F5FEF90046E9A2 /* CardViewModel.swift in Sources */ = {isa = PBXBuildFile; fileRef = A75990A227F5FEF90046E9A2 /* CardViewModel.swift */; };
		A75990A527F5FF0D0046E9A2 /* CardView.swift in Sources */ = {isa = PBXBuildFile; fileRef = A75990A427F5FF0D0046E9A2 /* CardView.swift */; };
		A75990A727F6DEDE0046E9A2 /* CardListView.swift in Sources */ = {isa = PBXBuildFile; fileRef = A75990A627F6DEDE0046E9A2 /* CardListView.swift */; };
		A75990AA27F733ED0046E9A2 /* ThumbsButton.swift in Sources */ = {isa = PBXBuildFile; fileRef = A75990A927F733ED0046E9A2 /* ThumbsButton.swift */; };
		A767960127EE16900031C694 /* CloudcardsApp.swift in Sources */ = {isa = PBXBuildFile; fileRef = A767960027EE16900031C694 /* CloudcardsApp.swift */; };
		A767960527EE16920031C694 /* Assets.xcassets in Resources */ = {isa = PBXBuildFile; fileRef = A767960427EE16920031C694 /* Assets.xcassets */; };
		A767960827EE16920031C694 /* Preview Assets.xcassets in Resources */ = {isa = PBXBuildFile; fileRef = A767960727EE16920031C694 /* Preview Assets.xcassets */; };
		A767960F27EE17230031C694 /* GoogleService-Info.plist in Resources */ = {isa = PBXBuildFile; fileRef = A767960E27EE17230031C694 /* GoogleService-Info.plist */; };
		A767961227EE29500031C694 /* FirebaseAuth in Frameworks */ = {isa = PBXBuildFile; productRef = A767961127EE29500031C694 /* FirebaseAuth */; };
		A767961427EE29500031C694 /* FirebaseFirestore in Frameworks */ = {isa = PBXBuildFile; productRef = A767961327EE29500031C694 /* FirebaseFirestore */; };
		A767961627EE29500031C694 /* FirebaseFirestoreSwift-Beta in Frameworks */ = {isa = PBXBuildFile; productRef = A767961527EE29500031C694 /* FirebaseFirestoreSwift-Beta */; };
/* End PBXBuildFile section */

/* Begin PBXFileReference section */
		A759909627F5F7610046E9A2 /* CardRepository.swift */ = {isa = PBXFileReference; lastKnownFileType = sourcecode.swift; path = CardRepository.swift; sourceTree = "<group>"; };
		A759909927F5F91B0046E9A2 /* Cards.swift */ = {isa = PBXFileReference; lastKnownFileType = sourcecode.swift; path = Cards.swift; sourceTree = "<group>"; };
		A759909D27F5FA7E0046E9A2 /* CardListViewModel.swift */ = {isa = PBXFileReference; lastKnownFileType = sourcecode.swift; path = CardListViewModel.swift; sourceTree = "<group>"; };
		A75990A227F5FEF90046E9A2 /* CardViewModel.swift */ = {isa = PBXFileReference; lastKnownFileType = sourcecode.swift; path = CardViewModel.swift; sourceTree = "<group>"; };
		A75990A427F5FF0D0046E9A2 /* CardView.swift */ = {isa = PBXFileReference; lastKnownFileType = sourcecode.swift; path = CardView.swift; sourceTree = "<group>"; };
		A75990A627F6DEDE0046E9A2 /* CardListView.swift */ = {isa = PBXFileReference; lastKnownFileType = sourcecode.swift; path = CardListView.swift; sourceTree = "<group>"; };
		A75990A927F733ED0046E9A2 /* ThumbsButton.swift */ = {isa = PBXFileReference; lastKnownFileType = sourcecode.swift; path = ThumbsButton.swift; sourceTree = "<group>"; };
		A76795FD27EE16900031C694 /* Cloudcards.app */ = {isa = PBXFileReference; explicitFileType = wrapper.application; includeInIndex = 0; path = Cloudcards.app; sourceTree = BUILT_PRODUCTS_DIR; };
		A767960027EE16900031C694 /* CloudcardsApp.swift */ = {isa = PBXFileReference; lastKnownFileType = sourcecode.swift; path = CloudcardsApp.swift; sourceTree = "<group>"; };
		A767960427EE16920031C694 /* Assets.xcassets */ = {isa = PBXFileReference; lastKnownFileType = folder.assetcatalog; path = Assets.xcassets; sourceTree = "<group>"; };
		A767960727EE16920031C694 /* Preview Assets.xcassets */ = {isa = PBXFileReference; lastKnownFileType = folder.assetcatalog; path = "Preview Assets.xcassets"; sourceTree = "<group>"; };
		A767960E27EE17230031C694 /* GoogleService-Info.plist */ = {isa = PBXFileReference; fileEncoding = 4; lastKnownFileType = text.plist.xml; path = "GoogleService-Info.plist"; sourceTree = "<group>"; };
/* End PBXFileReference section */

/* Begin PBXFrameworksBuildPhase section */
		A76795FA27EE16900031C694 /* Frameworks */ = {
			isa = PBXFrameworksBuildPhase;
			buildActionMask = 2147483647;
			files = (
				A767961627EE29500031C694 /* FirebaseFirestoreSwift-Beta in Frameworks */,
				A767961227EE29500031C694 /* FirebaseAuth in Frameworks */,
				A767961427EE29500031C694 /* FirebaseFirestore in Frameworks */,
			);
			runOnlyForDeploymentPostprocessing = 0;
		};
/* End PBXFrameworksBuildPhase section */

/* Begin PBXGroup section */
		A759909527F5F74F0046E9A2 /* Repositories */ = {
			isa = PBXGroup;
			children = (
				A759909627F5F7610046E9A2 /* CardRepository.swift */,
			);
			path = Repositories;
			sourceTree = "<group>";
		};
		A759909827F5F90F0046E9A2 /* Entities */ = {
			isa = PBXGroup;
			children = (
				A759909927F5F91B0046E9A2 /* Cards.swift */,
			);
			path = Entities;
			sourceTree = "<group>";
		};
		A759909B27F5FA270046E9A2 /* Scenes */ = {
			isa = PBXGroup;
			children = (
				A759909F27F5FED40046E9A2 /* CardView */,
				A759909C27F5FA350046E9A2 /* CardList */,
			);
			path = Scenes;
			sourceTree = "<group>";
		};
		A759909C27F5FA350046E9A2 /* CardList */ = {
			isa = PBXGroup;
			children = (
				A759909D27F5FA7E0046E9A2 /* CardListViewModel.swift */,
				A75990A627F6DEDE0046E9A2 /* CardListView.swift */,
			);
			path = CardList;
			sourceTree = "<group>";
		};
		A759909F27F5FED40046E9A2 /* CardView */ = {
			isa = PBXGroup;
			children = (
				A75990A227F5FEF90046E9A2 /* CardViewModel.swift */,
				A75990A427F5FF0D0046E9A2 /* CardView.swift */,
			);
			path = CardView;
			sourceTree = "<group>";
		};
		A75990A827F733DA0046E9A2 /* View */ = {
			isa = PBXGroup;
			children = (
				A75990A927F733ED0046E9A2 /* ThumbsButton.swift */,
			);
			name = View;
			sourceTree = "<group>";
		};
		A76795F427EE16900031C694 = {
			isa = PBXGroup;
			children = (
				A76795FF27EE16900031C694 /* Cloudcards */,
				A76795FE27EE16900031C694 /* Products */,
			);
			sourceTree = "<group>";
		};
		A76795FE27EE16900031C694 /* Products */ = {
			isa = PBXGroup;
			children = (
				A76795FD27EE16900031C694 /* Cloudcards.app */,
			);
			name = Products;
			sourceTree = "<group>";
		};
		A76795FF27EE16900031C694 /* Cloudcards */ = {
			isa = PBXGroup;
			children = (
				A75990A827F733DA0046E9A2 /* View */,
				A759909B27F5FA270046E9A2 /* Scenes */,
				A759909827F5F90F0046E9A2 /* Entities */,
				A759909527F5F74F0046E9A2 /* Repositories */,
				A767960027EE16900031C694 /* CloudcardsApp.swift */,
				A767960427EE16920031C694 /* Assets.xcassets */,
				A767960E27EE17230031C694 /* GoogleService-Info.plist */,
				A767960627EE16920031C694 /* Preview Content */,
			);
			path = Cloudcards;
			sourceTree = "<group>";
		};
		A767960627EE16920031C694 /* Preview Content */ = {
			isa = PBXGroup;
			children = (
				A767960727EE16920031C694 /* Preview Assets.xcassets */,
			);
			path = "Preview Content";
			sourceTree = "<group>";
		};
/* End PBXGroup section */

/* Begin PBXNativeTarget section */
		A76795FC27EE16900031C694 /* Cloudcards */ = {
			isa = PBXNativeTarget;
			buildConfigurationList = A767960B27EE16920031C694 /* Build configuration list for PBXNativeTarget "Cloudcards" */;
			buildPhases = (
				A76795F927EE16900031C694 /* Sources */,
				A76795FA27EE16900031C694 /* Frameworks */,
				A76795FB27EE16900031C694 /* Resources */,
			);
			buildRules = (
			);
			dependencies = (
			);
			name = Cloudcards;
			packageProductDependencies = (
				A767961127EE29500031C694 /* FirebaseAuth */,
				A767961327EE29500031C694 /* FirebaseFirestore */,
				A767961527EE29500031C694 /* FirebaseFirestoreSwift-Beta */,
			);
			productName = cloudcards;
			productReference = A76795FD27EE16900031C694 /* Cloudcards.app */;
			productType = "com.apple.product-type.application";
		};
/* End PBXNativeTarget section */

/* Begin PBXProject section */
		A76795F527EE16900031C694 /* Project object */ = {
			isa = PBXProject;
			attributes = {
				BuildIndependentTargetsInParallel = 1;
				LastSwiftUpdateCheck = 1300;
				LastUpgradeCheck = 1300;
				TargetAttributes = {
					A76795FC27EE16900031C694 = {
						CreatedOnToolsVersion = 13.0;
					};
				};
			};
			buildConfigurationList = A76795F827EE16900031C694 /* Build configuration list for PBXProject "Cloudcards" */;
			compatibilityVersion = "Xcode 13.0";
			developmentRegion = en;
			hasScannedForEncodings = 0;
			knownRegions = (
				en,
				Base,
			);
			mainGroup = A76795F427EE16900031C694;
			packageReferences = (
				A767961027EE294F0031C694 /* XCRemoteSwiftPackageReference "firebase-ios-sdk" */,
			);
			productRefGroup = A76795FE27EE16900031C694 /* Products */;
			projectDirPath = "";
			projectRoot = "";
			targets = (
				A76795FC27EE16900031C694 /* Cloudcards */,
			);
		};
/* End PBXProject section */

/* Begin PBXResourcesBuildPhase section */
		A76795FB27EE16900031C694 /* Resources */ = {
			isa = PBXResourcesBuildPhase;
			buildActionMask = 2147483647;
			files = (
				A767960827EE16920031C694 /* Preview Assets.xcassets in Resources */,
				A767960527EE16920031C694 /* Assets.xcassets in Resources */,
				A767960F27EE17230031C694 /* GoogleService-Info.plist in Resources */,
			);
			runOnlyForDeploymentPostprocessing = 0;
		};
/* End PBXResourcesBuildPhase section */

/* Begin PBXSourcesBuildPhase section */
		A76795F927EE16900031C694 /* Sources */ = {
			isa = PBXSourcesBuildPhase;
			buildActionMask = 2147483647;
			files = (
				A75990A527F5FF0D0046E9A2 /* CardView.swift in Sources */,
				A759909E27F5FA7E0046E9A2 /* CardListViewModel.swift in Sources */,
				A75990A327F5FEF90046E9A2 /* CardViewModel.swift in Sources */,
				A759909727F5F7610046E9A2 /* CardRepository.swift in Sources */,
				A75990AA27F733ED0046E9A2 /* ThumbsButton.swift in Sources */,
				A767960127EE16900031C694 /* CloudcardsApp.swift in Sources */,
				A75990A727F6DEDE0046E9A2 /* CardListView.swift in Sources */,
				A759909A27F5F91C0046E9A2 /* Cards.swift in Sources */,
			);
			runOnlyForDeploymentPostprocessing = 0;
		};
/* End PBXSourcesBuildPhase section */

/* Begin XCBuildConfiguration section */
		A767960927EE16920031C694 /* Debug */ = {
			isa = XCBuildConfiguration;
			buildSettings = {
				ALWAYS_SEARCH_USER_PATHS = NO;
				CLANG_ANALYZER_NONNULL = YES;
				CLANG_ANALYZER_NUMBER_OBJECT_CONVERSION = YES_AGGRESSIVE;
				CLANG_CXX_LANGUAGE_STANDARD = "gnu++17";
				CLANG_CXX_LIBRARY = "libc++";
				CLANG_ENABLE_MODULES = YES;
				CLANG_ENABLE_OBJC_ARC = YES;
				CLANG_ENABLE_OBJC_WEAK = YES;
				CLANG_WARN_BLOCK_CAPTURE_AUTORELEASING = YES;
				CLANG_WARN_BOOL_CONVERSION = YES;
				CLANG_WARN_COMMA = YES;
				CLANG_WARN_CONSTANT_CONVERSION = YES;
				CLANG_WARN_DEPRECATED_OBJC_IMPLEMENTATIONS = YES;
				CLANG_WARN_DIRECT_OBJC_ISA_USAGE = YES_ERROR;
				CLANG_WARN_DOCUMENTATION_COMMENTS = YES;
				CLANG_WARN_EMPTY_BODY = YES;
				CLANG_WARN_ENUM_CONVERSION = YES;
				CLANG_WARN_INFINITE_RECURSION = YES;
				CLANG_WARN_INT_CONVERSION = YES;
				CLANG_WARN_NON_LITERAL_NULL_CONVERSION = YES;
				CLANG_WARN_OBJC_IMPLICIT_RETAIN_SELF = YES;
				CLANG_WARN_OBJC_LITERAL_CONVERSION = YES;
				CLANG_WARN_OBJC_ROOT_CLASS = YES_ERROR;
				CLANG_WARN_QUOTED_INCLUDE_IN_FRAMEWORK_HEADER = YES;
				CLANG_WARN_RANGE_LOOP_ANALYSIS = YES;
				CLANG_WARN_STRICT_PROTOTYPES = YES;
				CLANG_WARN_SUSPICIOUS_MOVE = YES;
				CLANG_WARN_UNGUARDED_AVAILABILITY = YES_AGGRESSIVE;
				CLANG_WARN_UNREACHABLE_CODE = YES;
				CLANG_WARN__DUPLICATE_METHOD_MATCH = YES;
				COPY_PHASE_STRIP = NO;
				DEBUG_INFORMATION_FORMAT = dwarf;
				ENABLE_STRICT_OBJC_MSGSEND = YES;
				ENABLE_TESTABILITY = YES;
				GCC_C_LANGUAGE_STANDARD = gnu11;
				GCC_DYNAMIC_NO_PIC = NO;
				GCC_NO_COMMON_BLOCKS = YES;
				GCC_OPTIMIZATION_LEVEL = 0;
				GCC_PREPROCESSOR_DEFINITIONS = (
					"DEBUG=1",
					"$(inherited)",
				);
				GCC_WARN_64_TO_32_BIT_CONVERSION = YES;
				GCC_WARN_ABOUT_RETURN_TYPE = YES_ERROR;
				GCC_WARN_UNDECLARED_SELECTOR = YES;
				GCC_WARN_UNINITIALIZED_AUTOS = YES_AGGRESSIVE;
				GCC_WARN_UNUSED_FUNCTION = YES;
				GCC_WARN_UNUSED_VARIABLE = YES;
				IPHONEOS_DEPLOYMENT_TARGET = 15.0;
				MTL_ENABLE_DEBUG_INFO = INCLUDE_SOURCE;
				MTL_FAST_MATH = YES;
				ONLY_ACTIVE_ARCH = YES;
				SDKROOT = iphoneos;
				SWIFT_ACTIVE_COMPILATION_CONDITIONS = DEBUG;
				SWIFT_OPTIMIZATION_LEVEL = "-Onone";
			};
			name = Debug;
		};
		A767960A27EE16920031C694 /* Release */ = {
			isa = XCBuildConfiguration;
			buildSettings = {
				ALWAYS_SEARCH_USER_PATHS = NO;
				CLANG_ANALYZER_NONNULL = YES;
				CLANG_ANALYZER_NUMBER_OBJECT_CONVERSION = YES_AGGRESSIVE;
				CLANG_CXX_LANGUAGE_STANDARD = "gnu++17";
				CLANG_CXX_LIBRARY = "libc++";
				CLANG_ENABLE_MODULES = YES;
				CLANG_ENABLE_OBJC_ARC = YES;
				CLANG_ENABLE_OBJC_WEAK = YES;
				CLANG_WARN_BLOCK_CAPTURE_AUTORELEASING = YES;
				CLANG_WARN_BOOL_CONVERSION = YES;
				CLANG_WARN_COMMA = YES;
				CLANG_WARN_CONSTANT_CONVERSION = YES;
				CLANG_WARN_DEPRECATED_OBJC_IMPLEMENTATIONS = YES;
				CLANG_WARN_DIRECT_OBJC_ISA_USAGE = YES_ERROR;
				CLANG_WARN_DOCUMENTATION_COMMENTS = YES;
				CLANG_WARN_EMPTY_BODY = YES;
				CLANG_WARN_ENUM_CONVERSION = YES;
				CLANG_WARN_INFINITE_RECURSION = YES;
				CLANG_WARN_INT_CONVERSION = YES;
				CLANG_WARN_NON_LITERAL_NULL_CONVERSION = YES;
				CLANG_WARN_OBJC_IMPLICIT_RETAIN_SELF = YES;
				CLANG_WARN_OBJC_LITERAL_CONVERSION = YES;
				CLANG_WARN_OBJC_ROOT_CLASS = YES_ERROR;
				CLANG_WARN_QUOTED_INCLUDE_IN_FRAMEWORK_HEADER = YES;
				CLANG_WARN_RANGE_LOOP_ANALYSIS = YES;
				CLANG_WARN_STRICT_PROTOTYPES = YES;
				CLANG_WARN_SUSPICIOUS_MOVE = YES;
				CLANG_WARN_UNGUARDED_AVAILABILITY = YES_AGGRESSIVE;
				CLANG_WARN_UNREACHABLE_CODE = YES;
				CLANG_WARN__DUPLICATE_METHOD_MATCH = YES;
				COPY_PHASE_STRIP = NO;
				DEBUG_INFORMATION_FORMAT = "dwarf-with-dsym";
				ENABLE_NS_ASSERTIONS = NO;
				ENABLE_STRICT_OBJC_MSGSEND = YES;
				GCC_C_LANGUAGE_STANDARD = gnu11;
				GCC_NO_COMMON_BLOCKS = YES;
				GCC_WARN_64_TO_32_BIT_CONVERSION = YES;
				GCC_WARN_ABOUT_RETURN_TYPE = YES_ERROR;
				GCC_WARN_UNDECLARED_SELECTOR = YES;
				GCC_WARN_UNINITIALIZED_AUTOS = YES_AGGRESSIVE;
				GCC_WARN_UNUSED_FUNCTION = YES;
				GCC_WARN_UNUSED_VARIABLE = YES;
				IPHONEOS_DEPLOYMENT_TARGET = 15.0;
				MTL_ENABLE_DEBUG_INFO = NO;
				MTL_FAST_MATH = YES;
				SDKROOT = iphoneos;
				SWIFT_COMPILATION_MODE = wholemodule;
				SWIFT_OPTIMIZATION_LEVEL = "-O";
				VALIDATE_PRODUCT = YES;
			};
			name = Release;
		};
		A767960C27EE16920031C694 /* Debug */ = {
			isa = XCBuildConfiguration;
			buildSettings = {
				ASSETCATALOG_COMPILER_APPICON_NAME = AppIcon;
				ASSETCATALOG_COMPILER_GLOBAL_ACCENT_COLOR_NAME = AccentColor;
				CODE_SIGN_STYLE = Automatic;
				CURRENT_PROJECT_VERSION = 1;
				DEVELOPMENT_ASSET_PATHS = "\"cloudcards/Preview Content\"";
				DEVELOPMENT_TEAM = F3Y5649G7F;
				ENABLE_PREVIEWS = YES;
				GENERATE_INFOPLIST_FILE = YES;
				INFOPLIST_KEY_UIApplicationSceneManifest_Generation = YES;
				INFOPLIST_KEY_UIApplicationSupportsIndirectInputEvents = YES;
				INFOPLIST_KEY_UILaunchScreen_Generation = YES;
				INFOPLIST_KEY_UISupportedInterfaceOrientations_iPad = "UIInterfaceOrientationPortrait UIInterfaceOrientationPortraitUpsideDown UIInterfaceOrientationLandscapeLeft UIInterfaceOrientationLandscapeRight";
				INFOPLIST_KEY_UISupportedInterfaceOrientations_iPhone = "UIInterfaceOrientationPortrait UIInterfaceOrientationLandscapeLeft UIInterfaceOrientationLandscapeRight";
				IPHONEOS_DEPLOYMENT_TARGET = 14.0;
				LD_RUNPATH_SEARCH_PATHS = (
					"$(inherited)",
					"@executable_path/Frameworks",
				);
				MARKETING_VERSION = 1.0;
				PRODUCT_BUNDLE_IDENTIFIER = com.silvia.cloudcards;
				PRODUCT_NAME = "$(TARGET_NAME)";
				SWIFT_EMIT_LOC_STRINGS = YES;
				SWIFT_VERSION = 5.0;
				TARGETED_DEVICE_FAMILY = "1,2";
			};
			name = Debug;
		};
		A767960D27EE16920031C694 /* Release */ = {
			isa = XCBuildConfiguration;
			buildSettings = {
				ASSETCATALOG_COMPILER_APPICON_NAME = AppIcon;
				ASSETCATALOG_COMPILER_GLOBAL_ACCENT_COLOR_NAME = AccentColor;
				CODE_SIGN_STYLE = Automatic;
				CURRENT_PROJECT_VERSION = 1;
				DEVELOPMENT_ASSET_PATHS = "\"cloudcards/Preview Content\"";
				DEVELOPMENT_TEAM = F3Y5649G7F;
				ENABLE_PREVIEWS = YES;
				GENERATE_INFOPLIST_FILE = YES;
				INFOPLIST_KEY_UIApplicationSceneManifest_Generation = YES;
				INFOPLIST_KEY_UIApplicationSupportsIndirectInputEvents = YES;
				INFOPLIST_KEY_UILaunchScreen_Generation = YES;
				INFOPLIST_KEY_UISupportedInterfaceOrientations_iPad = "UIInterfaceOrientationPortrait UIInterfaceOrientationPortraitUpsideDown UIInterfaceOrientationLandscapeLeft UIInterfaceOrientationLandscapeRight";
				INFOPLIST_KEY_UISupportedInterfaceOrientations_iPhone = "UIInterfaceOrientationPortrait UIInterfaceOrientationLandscapeLeft UIInterfaceOrientationLandscapeRight";
				IPHONEOS_DEPLOYMENT_TARGET = 14.0;
				LD_RUNPATH_SEARCH_PATHS = (
					"$(inherited)",
					"@executable_path/Frameworks",
				);
				MARKETING_VERSION = 1.0;
				PRODUCT_BUNDLE_IDENTIFIER = com.silvia.cloudcards;
				PRODUCT_NAME = "$(TARGET_NAME)";
				SWIFT_EMIT_LOC_STRINGS = YES;
				SWIFT_VERSION = 5.0;
				TARGETED_DEVICE_FAMILY = "1,2";
			};
			name = Release;
		};
/* End XCBuildConfiguration section */

/* Begin XCConfigurationList section */
		A76795F827EE16900031C694 /* Build configuration list for PBXProject "Cloudcards" */ = {
			isa = XCConfigurationList;
			buildConfigurations = (
				A767960927EE16920031C694 /* Debug */,
				A767960A27EE16920031C694 /* Release */,
			);
			defaultConfigurationIsVisible = 0;
			defaultConfigurationName = Release;
		};
		A767960B27EE16920031C694 /* Build configuration list for PBXNativeTarget "Cloudcards" */ = {
			isa = XCConfigurationList;
			buildConfigurations = (
				A767960C27EE16920031C694 /* Debug */,
				A767960D27EE16920031C694 /* Release */,
			);
			defaultConfigurationIsVisible = 0;
			defaultConfigurationName = Release;
		};
/* End XCConfigurationList section */

/* Begin XCRemoteSwiftPackageReference section */
		A767961027EE294F0031C694 /* XCRemoteSwiftPackageReference "firebase-ios-sdk" */ = {
			isa = XCRemoteSwiftPackageReference;
			repositoryURL = "https://github.com/firebase/firebase-ios-sdk.git";
			requirement = {
				kind = upToNextMajorVersion;
				minimumVersion = 8.0.0;
			};
		};
/* End XCRemoteSwiftPackageReference section */

/* Begin XCSwiftPackageProductDependency section */
		A767961127EE29500031C694 /* FirebaseAuth */ = {
			isa = XCSwiftPackageProductDependency;
			package = A767961027EE294F0031C694 /* XCRemoteSwiftPackageReference "firebase-ios-sdk" */;
			productName = FirebaseAuth;
		};
		A767961327EE29500031C694 /* FirebaseFirestore */ = {
			isa = XCSwiftPackageProductDependency;
			package = A767961027EE294F0031C694 /* XCRemoteSwiftPackageReference "firebase-ios-sdk" */;
			productName = FirebaseFirestore;
		};
		A767961527EE29500031C694 /* FirebaseFirestoreSwift-Beta */ = {
			isa = XCSwiftPackageProductDependency;
			package = A767961027EE294F0031C694 /* XCRemoteSwiftPackageReference "firebase-ios-sdk" */;
			productName = "FirebaseFirestoreSwift-Beta";
		};
/* End XCSwiftPackageProductDependency section */
	};
	rootObject = A76795F527EE16900031C694 /* Project object */;
}
